
Microsoft Visual Studio Solution File, Format Version 12.00
# Visual Studio Version 17
VisualStudioVersion = 17.0.32126.317
MinimumVisualStudioVersion = 10.0.40219.1
Project("{FAE04EC0-301F-11D3-BF4B-00C04F79EFBC}") = "GenericLesson", "GenericLesson\GenericLesson.csproj", "{50354CB4-83B1-449C-BFDA-9AA6981C0CE8}"
EndProject
Project("{FAE04EC0-301F-11D3-BF4B-00C04F79EFBC}") = "Collections", "Collections\Collections.csproj", "{79B86491-E53D-4581-B504-68FEA619F440}"
EndProject
Global
	GlobalSection(SolutionConfigurationPlatforms) = preSolution
		Debug|Any CPU = Debug|Any CPU
		Release|Any CPU = Release|Any CPU
	EndGlobalSection
	GlobalSection(ProjectConfigurationPlatforms) = postSolution
		{50354CB4-83B1-449C-BFDA-9AA6981C0CE8}.Debug|Any CPU.ActiveCfg = Debug|Any CPU
		{50354CB4-83B1-449C-BFDA-9AA6981C0CE8}.Debug|Any CPU.Build.0 = Debug|Any CPU
		{50354CB4-83B1-449C-BFDA-9AA6981C0CE8}.Release|Any CPU.ActiveCfg = Release|Any CPU
		{50354CB4-83B1-449C-BFDA-9AA6981C0CE8}.Release|Any CPU.Build.0 = Release|Any CPU
		{79B86491-E53D-4581-B504-68FEA619F440}.Debug|Any CPU.ActiveCfg = Debug|Any CPU
		{79B86491-E53D-4581-B504-68FEA619F440}.Debug|Any CPU.Build.0 = Debug|Any CPU
		{79B86491-E53D-4581-B504-68FEA619F440}.Release|Any CPU.ActiveCfg = Release|Any CPU
		{79B86491-E53D-4581-B504-68FEA619F440}.Release|Any CPU.Build.0 = Release|Any CPU
	EndGlobalSection
	GlobalSection(SolutionProperties) = preSolution
		HideSolutionNode = FALSE
	EndGlobalSection
	GlobalSection(ExtensibilityGlobals) = postSolution
		SolutionGuid = {99790F39-FB69-4496-BBEA-DFAB1CFF6F3C}
	EndGlobalSection
EndGlobal
